PODS:
  - LuckyIB (1.3.0)
  - LuckyPop (3.1.0):
    - SnapKit
  - LuckyPropertyWrapper (0.1.1)
  - LuckySanbox (0.2.1):
    - LuckySanbox/Core (= 0.2.1)
    - LuckySanbox/Interface (= 0.2.1)
  - LuckySanbox/Core (0.2.1)
  - LuckySanbox/Interface (0.2.1):
    - LuckyIB (~> 1.3)
    - LuckyPop (~> 3.1)
    - LuckyPropertyWrapper (~> 0.1)
    - LuckySanbox/Core
  - SnapKit (5.7.1)

DEPENDENCIES:
  - LuckyIB (from `https://github.com/JunkyTang/LuckyIB.git`)
  - LuckyPop (from `https://github.com/JunkyTang/LuckyPop.git`)
  - LuckyPropertyWrapper (from `https://github.com/JunkyTang/LuckyPropertyWrapper.git`)
  - LuckySanbox (from `../`)

SPEC REPOS:
  trunk:
    - SnapKit

EXTERNAL SOURCES:
  LuckyIB:
    :git: https://github.com/JunkyTang/LuckyIB.git
  LuckyPop:
    :git: https://github.com/JunkyTang/LuckyPop.git
  LuckyPropertyWrapper:
    :git: https://github.com/JunkyTang/LuckyPropertyWrapper.git
  LuckySanbox:
    :path: "../"

CHECKOUT OPTIONS:
  LuckyIB:
    :commit: 595c024376c18fb4bea781fec8f222d2706b4a85
    :git: https://github.com/JunkyTang/LuckyIB.git
  LuckyPop:
    :commit: e09c886cf5be16cdc7534f0b10bc23c729d80bfb
    :git: https://github.com/JunkyTang/LuckyPop.git
  LuckyPropertyWrapper:
    :commit: b6809ad0f62abda3b33f22bb74d6a65d494d9cf1
    :git: https://github.com/JunkyTang/LuckyPropertyWrapper.git

SPEC CHECKSUMS:
  LuckyIB: 434b6cac47ba083499842f31947a5e37609c2b39
  LuckyPop: 6b3aa09fb8507d964b8401948c68be7c95bd1620
  LuckyPropertyWrapper: dc2dd041c12f03c0331800fd4dbbd1d97abffeb1
  LuckySanbox: ded0b38019756c6a6797e2d8f7f01d5074a41461
  SnapKit: d612e99e678a2d3b95bf60b0705ed0a35c03484a

PODFILE CHECKSUM: 987a4675181421e54b061afc9b4c8210a6218ae8

COCOAPODS: 1.15.2
